
Microsoft Visual Studio Solution File, Format Version 12.00
# Visual Studio 15
VisualStudioVersion = 15.0.27703.2018
MinimumVisualStudioVersion = 10.0.40219.1
Project("{8BC9CEB8-8B4A-11D0-8D11-00A0C91BC942}") = "Sandbox", "Sandbox\Sandbox.vcxproj", "{8E796F71-693F-4BDD-806E-E764D218FBAC}"
EndProject
Project("{8BC9CEB8-8B4A-11D0-8D11-00A0C91BC942}") = "Vector", "Vector\Vector.vcxproj", "{F9E2AB02-FBDE-40E5-9005-D9B1FFA111CA}"
EndProject
Global
	GlobalSection(SolutionConfigurationPlatforms) = preSolution
		Debug|x64 = Debug|x64
		Release|x64 = Release|x64
	EndGlobalSection
	GlobalSection(ProjectConfigurationPlatforms) = postSolution
		{F9E2AB02-FBDE-40E5-9005-D9B1FFA111CA}.Debug|x64.ActiveCfg = Debug|x64
		{F9E2AB02-FBDE-40E5-9005-D9B1FFA111CA}.Debug|x64.Build.0 = Debug|x64
		{F9E2AB02-FBDE-40E5-9005-D9B1FFA111CA}.Release|x64.ActiveCfg = Release|x64
		{F9E2AB02-FBDE-40E5-9005-D9B1FFA111CA}.Release|x64.Build.0 = Release|x64
		{8E796F71-693F-4BDD-806E-E764D218FBAC}.Debug|x64.ActiveCfg = Debug|x64
		{8E796F71-693F-4BDD-806E-E764D218FBAC}.Debug|x64.Build.0 = Debug|x64
		{8E796F71-693F-4BDD-806E-E764D218FBAC}.Release|x64.ActiveCfg = Release|x64
		{8E796F71-693F-4BDD-806E-E764D218FBAC}.Release|x64.Build.0 = Release|x64
	EndGlobalSection
	GlobalSection(SolutionProperties) = preSolution
		HideSolutionNode = FALSE
	EndGlobalSection
	GlobalSection(ExtensibilityGlobals) = postSolution
		SolutionGuid = {E6388128-1A2C-47F0-B7C6-B49463343DE0}
	EndGlobalSection
EndGlobal
