<?xml version="1.0" encoding="utf-8"?>
<Project ToolsVersion="4.0" xmlns="http://schemas.microsoft.com/developer/msbuild/2003">
  <ItemGroup>
    <Filter Include="Vector">
      <UniqueIdentifier>{789BD6D7-643D-01AE-4DF8-1402393988FE}</UniqueIdentifier>
    </Filter>
    <Filter Include="Vector\Events">
      <UniqueIdentifier>{5CB04B51-C870-C787-91AB-1005FD2A0C64}</UniqueIdentifier>
    </Filter>
  </ItemGroup>
  <ItemGroup>
    <ClInclude Include="src\Vector.h" />
    <ClInclude Include="src\Vector\Core.h">
      <Filter>Vector</Filter>
    </ClInclude>
    <ClInclude Include="src\Vector\Engine.h">
      <Filter>Vector</Filter>
    </ClInclude>
    <ClInclude Include="src\Vector\EntryPoint.h">
      <Filter>Vector</Filter>
    </ClInclude>
    <ClInclude Include="src\Vector\Events\ApplicationEvent.h">
      <Filter>Vector\Events</Filter>
    </ClInclude>
    <ClInclude Include="src\Vector\Events\Event.h">
      <Filter>Vector\Events</Filter>
    </ClInclude>
    <ClInclude Include="src\Vector\Events\KeyEvent.h">
      <Filter>Vector\Events</Filter>
    </ClInclude>
    <ClInclude Include="src\Vector\Events\MouseEvent.h">
      <Filter>Vector\Events</Filter>
    </ClInclude>
    <ClInclude Include="src\Vector\Log.h">
      <Filter>Vector</Filter>
    </ClInclude>
    <ClInclude Include="src\vcpch.h" />
  </ItemGroup>
  <ItemGroup>
    <ClCompile Include="src\Vector\Engine.cpp">
      <Filter>Vector</Filter>
    </ClCompile>
    <ClCompile Include="src\Vector\Log.cpp">
      <Filter>Vector</Filter>
    </ClCompile>
    <ClCompile Include="src\vcpch.cpp" />
  </ItemGroup>
</Project>